// !$*UTF8*$!
{
	archiveVersion = 1;
	classes = {
	};
	objectVersion = 77;
	objects = {

/* Begin PBXBuildFile section */
		211794F52F182CC200FDF243 /* Supabase in Frameworks */ = {isa = PBXBuildFile; productRef = 211794F42F182CC200FDF243 /* Supabase */; };
		211794F72F182CE000FDF243 /* Storage in Frameworks */ = {isa = PBXBuildFile; productRef = 211794F62F182CE000FDF243 /* Storage */; };
		211794F92F182CE400FDF243 /* Realtime in Frameworks */ = {isa = PBXBuildFile; productRef = 211794F82F182CE400FDF243 /* Realtime */; };
		211794FB2F182CE800FDF243 /* PostgREST in Frameworks */ = {isa = PBXBuildFile; productRef = 211794FA2F182CE800FDF243 /* PostgREST */; };
		211794FD2F182CED00FDF243 /* Functions in Frameworks */ = {isa = PBXBuildFile; productRef = 211794FC2F182CED00FDF243 /* Functions */; };
		211794FF2F182CF500FDF243 /* Auth in Frameworks */ = {isa = PBXBuildFile; productRef = 211794FE2F182CF500FDF243 /* Auth */; };
/* End PBXBuildFile section */

/* Begin PBXContainerItemProxy section */
		211794B72F18213C00FDF243 /* PBXContainerItemProxy */ = {
			isa = PBXContainerItemProxy;
			containerPortal = 2117949D2F18213B00FDF243 /* Project object */;
			proxyType = 1;
			remoteGlobalIDString = 211794A42F18213B00FDF243;
			remoteInfo = Riskmate;
		};
		211794C12F18213C00FDF243 /* PBXContainerItemProxy */ = {
			isa = PBXContainerItemProxy;
			containerPortal = 2117949D2F18213B00FDF243 /* Project object */;
			proxyType = 1;
			remoteGlobalIDString = 211794A42F18213B00FDF243;
			remoteInfo = Riskmate;
		};
/* End PBXContainerItemProxy section */

/* Begin PBXFileReference section */
		211794A52F18213B00FDF243 /* Riskmate.app */ = {isa = PBXFileReference; explicitFileType = wrapper.application; includeInIndex = 0; path = Riskmate.app; sourceTree = BUILT_PRODUCTS_DIR; };
		211794B62F18213C00FDF243 /* RiskmateTests.xctest */ = {isa = PBXFileReference; explicitFileType = wrapper.cfbundle; includeInIndex = 0; path = RiskmateTests.xctest; sourceTree = BUILT_PRODUCTS_DIR; };
		211794C02F18213C00FDF243 /* RiskmateUITests.xctest */ = {isa = PBXFileReference; explicitFileType = wrapper.cfbundle; includeInIndex = 0; path = RiskmateUITests.xctest; sourceTree = BUILT_PRODUCTS_DIR; };
/* End PBXFileReference section */

/* Begin PBXFileSystemSynchronizedBuildFileExceptionSet section */
		211794C82F18213C00FDF243 /* Exceptions for "Riskmate" folder in "Riskmate" target */ = {
			isa = PBXFileSystemSynchronizedBuildFileExceptionSet;
			membershipExceptions = (
				Info.plist,
			);
			target = 211794A42F18213B00FDF243 /* Riskmate */;
		};
/* End PBXFileSystemSynchronizedBuildFileExceptionSet section */

/* Begin PBXFileSystemSynchronizedRootGroup section */
		211794A72F18213B00FDF243 /* Riskmate */ = {
			isa = PBXFileSystemSynchronizedRootGroup;
			exceptions = (
				211794C82F18213C00FDF243 /* Exceptions for "Riskmate" folder in "Riskmate" target */,
			);
			path = Riskmate;
			sourceTree = "<group>";
		};
		211794B92F18213C00FDF243 /* RiskmateTests */ = {
			isa = PBXFileSystemSynchronizedRootGroup;
			path = RiskmateTests;
			sourceTree = "<group>";
		};
		211794C32F18213C00FDF243 /* RiskmateUITests */ = {
			isa = PBXFileSystemSynchronizedRootGroup;
			path = RiskmateUITests;
			sourceTree = "<group>";
		};
/* End PBXFileSystemSynchronizedRootGroup section */

/* Begin PBXFrameworksBuildPhase section */
		211794A22F18213B00FDF243 /* Frameworks */ = {
			isa = PBXFrameworksBuildPhase;
			buildActionMask = 2147483647;
			files = (
				211794FD2F182CED00FDF243 /* Functions in Frameworks */,
				211794FB2F182CE800FDF243 /* PostgREST in Frameworks */,
				211794FF2F182CF500FDF243 /* Auth in Frameworks */,
				211794F92F182CE400FDF243 /* Realtime in Frameworks */,
				211794F72F182CE000FDF243 /* Storage in Frameworks */,
				211794F52F182CC200FDF243 /* Supabase in Frameworks */,
			);
			runOnlyForDeploymentPostprocessing = 0;
		};
		211794B32F18213C00FDF243 /* Frameworks */ = {
			isa = PBXFrameworksBuildPhase;
			buildActionMask = 2147483647;
			files = (
			);
			runOnlyForDeploymentPostprocessing = 0;
		};
		211794BD2F18213C00FDF243 /* Frameworks */ = {
			isa = PBXFrameworksBuildPhase;
			buildActionMask = 2147483647;
			files = (
			);
			runOnlyForDeploymentPostprocessing = 0;
		};
/* End PBXFrameworksBuildPhase section */

/* Begin PBXGroup section */
		2117949C2F18213B00FDF243 = {
			isa = PBXGroup;
			children = (
				211794A72F18213B00FDF243 /* Riskmate */,
				211794B92F18213C00FDF243 /* RiskmateTests */,
				211794C32F18213C00FDF243 /* RiskmateUITests */,
				211794F32F182CC200FDF243 /* Frameworks */,
				211794A62F18213B00FDF243 /* Products */,
			);
			sourceTree = "<group>";
		};
		211794A62F18213B00FDF243 /* Products */ = {
			isa = PBXGroup;
			children = (
				211794A52F18213B00FDF243 /* Riskmate.app */,
				211794B62F18213C00FDF243 /* RiskmateTests.xctest */,
				211794C02F18213C00FDF243 /* RiskmateUITests.xctest */,
			);
			name = Products;
			sourceTree = "<group>";
		};
		211794F32F182CC200FDF243 /* Frameworks */ = {
			isa = PBXGroup;
			children = (
			);
			name = Frameworks;
			sourceTree = "<group>";
		};
/* End PBXGroup section */

/* Begin PBXNativeTarget section */
		211794A42F18213B00FDF243 /* Riskmate */ = {
			isa = PBXNativeTarget;
			buildConfigurationList = 211794C92F18213C00FDF243 /* Build configuration list for PBXNativeTarget "Riskmate" */;
			buildPhases = (
				211794A12F18213B00FDF243 /* Sources */,
				211794A22F18213B00FDF243 /* Frameworks */,
				211794A32F18213B00FDF243 /* Resources */,
			);
			buildRules = (
			);
			dependencies = (
			);
			fileSystemSynchronizedGroups = (
				211794A72F18213B00FDF243 /* Riskmate */,
			);
			name = Riskmate;
			packageProductDependencies = (
				211794F42F182CC200FDF243 /* Supabase */,
				211794F62F182CE000FDF243 /* Storage */,
				211794F82F182CE400FDF243 /* Realtime */,
				211794FA2F182CE800FDF243 /* PostgREST */,
				211794FC2F182CED00FDF243 /* Functions */,
				211794FE2F182CF500FDF243 /* Auth */,
			);
			productName = Riskmate;
			productReference = 211794A52F18213B00FDF243 /* Riskmate.app */;
			productType = "com.apple.product-type.application";
		};
		211794B52F18213C00FDF243 /* RiskmateTests */ = {
			isa = PBXNativeTarget;
			buildConfigurationList = 211794CE2F18213C00FDF243 /* Build configuration list for PBXNativeTarget "RiskmateTests" */;
			buildPhases = (
				211794B22F18213C00FDF243 /* Sources */,
				211794B32F18213C00FDF243 /* Frameworks */,
				211794B42F18213C00FDF243 /* Resources */,
			);
			buildRules = (
			);
			dependencies = (
				211794B82F18213C00FDF243 /* PBXTargetDependency */,
			);
			fileSystemSynchronizedGroups = (
				211794B92F18213C00FDF243 /* RiskmateTests */,
			);
			name = RiskmateTests;
			packageProductDependencies = (
			);
			productName = RiskmateTests;
			productReference = 211794B62F18213C00FDF243 /* RiskmateTests.xctest */;
			productType = "com.apple.product-type.bundle.unit-test";
		};
		211794BF2F18213C00FDF243 /* RiskmateUITests */ = {
			isa = PBXNativeTarget;
			buildConfigurationList = 211794D12F18213C00FDF243 /* Build configuration list for PBXNativeTarget "RiskmateUITests" */;
			buildPhases = (
				211794BC2F18213C00FDF243 /* Sources */,
				211794BD2F18213C00FDF243 /* Frameworks */,
				211794BE2F18213C00FDF243 /* Resources */,
			);
			buildRules = (
			);
			dependencies = (
				211794C22F18213C00FDF243 /* PBXTargetDependency */,
			);
			fileSystemSynchronizedGroups = (
				211794C32F18213C00FDF243 /* RiskmateUITests */,
			);
			name = RiskmateUITests;
			packageProductDependencies = (
			);
			productName = RiskmateUITests;
			productReference = 211794C02F18213C00FDF243 /* RiskmateUITests.xctest */;
			productType = "com.apple.product-type.bundle.ui-testing";
		};
/* End PBXNativeTarget section */

/* Begin PBXProject section */
		2117949D2F18213B00FDF243 /* Project object */ = {
			isa = PBXProject;
			attributes = {
				BuildIndependentTargetsInParallel = 1;
				LastSwiftUpdateCheck = 2620;
				LastUpgradeCheck = 2620;
				TargetAttributes = {
					211794A42F18213B00FDF243 = {
						CreatedOnToolsVersion = 26.2;
					};
					211794B52F18213C00FDF243 = {
						CreatedOnToolsVersion = 26.2;
						TestTargetID = 211794A42F18213B00FDF243;
					};
					211794BF2F18213C00FDF243 = {
						CreatedOnToolsVersion = 26.2;
						TestTargetID = 211794A42F18213B00FDF243;
					};
				};
			};
			buildConfigurationList = 211794A02F18213B00FDF243 /* Build configuration list for PBXProject "Riskmate" */;
			developmentRegion = en;
			hasScannedForEncodings = 0;
			knownRegions = (
				en,
				Base,
			);
			mainGroup = 2117949C2F18213B00FDF243;
			minimizedProjectReferenceProxies = 1;
			packageReferences = (
				211794F22F18293E00FDF243 /* XCRemoteSwiftPackageReference "supabase-swift" */,
				211795442F18422700FDF243 /* XCRemoteSwiftPackageReference "SwiftLint" */,
				211795452F18F24500FDF243 /* XCRemoteSwiftPackageReference "lottie-ios" */,
				211795462F18F26D00FDF243 /* XCRemoteSwiftPackageReference "SwiftDate" */,
				211795472F18F32900FDF243 /* XCRemoteSwiftPackageReference "Kingfisher" */,
			);
			preferredProjectObjectVersion = 77;
			productRefGroup = 211794A62F18213B00FDF243 /* Products */;
			projectDirPath = "";
			projectRoot = "";
			targets = (
				211794A42F18213B00FDF243 /* Riskmate */,
				211794B52F18213C00FDF243 /* RiskmateTests */,
				211794BF2F18213C00FDF243 /* RiskmateUITests */,
			);
		};
/* End PBXProject section */

/* Begin PBXResourcesBuildPhase section */
		211794A32F18213B00FDF243 /* Resources */ = {
			isa = PBXResourcesBuildPhase;
			buildActionMask = 2147483647;
			files = (
			);
			runOnlyForDeploymentPostprocessing = 0;
		};
		211794B42F18213C00FDF243 /* Resources */ = {
			isa = PBXResourcesBuildPhase;
			buildActionMask = 2147483647;
			files = (
			);
			runOnlyForDeploymentPostprocessing = 0;
		};
		211794BE2F18213C00FDF243 /* Resources */ = {
			isa = PBXResourcesBuildPhase;
			buildActionMask = 2147483647;
			files = (
			);
			runOnlyForDeploymentPostprocessing = 0;
		};
/* End PBXResourcesBuildPhase section */

/* Begin PBXSourcesBuildPhase section */
		211794A12F18213B00FDF243 /* Sources */ = {
			isa = PBXSourcesBuildPhase;
			buildActionMask = 2147483647;
			files = (
			);
			runOnlyForDeploymentPostprocessing = 0;
		};
		211794B22F18213C00FDF243 /* Sources */ = {
			isa = PBXSourcesBuildPhase;
			buildActionMask = 2147483647;
			files = (
			);
			runOnlyForDeploymentPostprocessing = 0;
		};
		211794BC2F18213C00FDF243 /* Sources */ = {
			isa = PBXSourcesBuildPhase;
			buildActionMask = 2147483647;
			files = (
			);
			runOnlyForDeploymentPostprocessing = 0;
		};
/* End PBXSourcesBuildPhase section */

/* Begin PBXTargetDependency section */
		211794B82F18213C00FDF243 /* PBXTargetDependency */ = {
			isa = PBXTargetDependency;
			target = 211794A42F18213B00FDF243 /* Riskmate */;
			targetProxy = 211794B72F18213C00FDF243 /* PBXContainerItemProxy */;
		};
		211794C22F18213C00FDF243 /* PBXTargetDependency */ = {
			isa = PBXTargetDependency;
			target = 211794A42F18213B00FDF243 /* Riskmate */;
			targetProxy = 211794C12F18213C00FDF243 /* PBXContainerItemProxy */;
		};
/* End PBXTargetDependency section */

/* Begin XCBuildConfiguration section */
		211794CA2F18213C00FDF243 /* Debug */ = {
			isa = XCBuildConfiguration;
			buildSettings = {
				ASSETCATALOG_COMPILER_APPICON_NAME = AppIcon;
				ASSETCATALOG_COMPILER_GLOBAL_ACCENT_COLOR_NAME = AccentColor;
				CODE_SIGN_ENTITLEMENTS = Riskmate/Riskmate.entitlements;
				CODE_SIGN_STYLE = Automatic;
				CURRENT_PROJECT_VERSION = 1;
				DEVELOPMENT_TEAM = XR6D339C8V;
				ENABLE_PREVIEWS = YES;
				GENERATE_INFOPLIST_FILE = YES;
				INFOPLIST_FILE = Riskmate/Info.plist;
				INFOPLIST_KEY_UIApplicationSceneManifest_Generation = YES;
				INFOPLIST_KEY_UIApplicationSupportsIndirectInputEvents = YES;
				INFOPLIST_KEY_UILaunchScreen_Generation = YES;
				INFOPLIST_KEY_UISupportedInterfaceOrientations_iPad = "UIInterfaceOrientationPortrait UIInterfaceOrientationPortraitUpsideDown UIInterfaceOrientationLandscapeLeft UIInterfaceOrientationLandscapeRight";
				INFOPLIST_KEY_UISupportedInterfaceOrientations_iPhone = "UIInterfaceOrientationPortrait UIInterfaceOrientationLandscapeLeft UIInterfaceOrientationLandscapeRight";
				LD_RUNPATH_SEARCH_PATHS = (
					"$(inherited)",
					"@executable_path/Frameworks",
				);
				MARKETING_VERSION = 1.0;
				PRODUCT_BUNDLE_IDENTIFIER = riskmate.Riskmate;
				PRODUCT_NAME = "$(TARGET_NAME)";
				STRING_CATALOG_GENERATE_SYMBOLS = YES;
				SWIFT_APPROACHABLE_CONCURRENCY = YES;
				SWIFT_DEFAULT_ACTOR_ISOLATION = MainActor;
				SWIFT_EMIT_LOC_STRINGS = YES;
				SWIFT_UPCOMING_FEATURE_MEMBER_IMPORT_VISIBILITY = YES;
				SWIFT_VERSION = 5.0;
				TARGETED_DEVICE_FAMILY = "1,2";
			};
			name = Debug;
		};
		211794CB2F18213C00FDF243 /* Release */ = {
			isa = XCBuildConfiguration;
			buildSettings = {
				ASSETCATALOG_COMPILER_APPICON_NAME = AppIcon;
				ASSETCATALOG_COMPILER_GLOBAL_ACCENT_COLOR_NAME = AccentColor;
				CODE_SIGN_ENTITLEMENTS = Riskmate/Riskmate.entitlements;
				CODE_SIGN_STYLE = Automatic;
				CURRENT_PROJECT_VERSION = 1;
				DEVELOPMENT_TEAM = XR6D339C8V;
				ENABLE_PREVIEWS = YES;
				GENERATE_INFOPLIST_FILE = YES;
				INFOPLIST_FILE = Riskmate/Info.plist;
				INFOPLIST_KEY_UIApplicationSceneManifest_Generation = YES;
				INFOPLIST_KEY_UIApplicationSupportsIndirectInputEvents = YES;
				INFOPLIST_KEY_UILaunchScreen_Generation = YES;
				INFOPLIST_KEY_UISupportedInterfaceOrientations_iPad = "UIInterfaceOrientationPortrait UIInterfaceOrientationPortraitUpsideDown UIInterfaceOrientationLandscapeLeft UIInterfaceOrientationLandscapeRight";
				INFOPLIST_KEY_UISupportedInterfaceOrientations_iPhone = "UIInterfaceOrientationPortrait UIInterfaceOrientationLandscapeLeft UIInterfaceOrientationLandscapeRight";
				LD_RUNPATH_SEARCH_PATHS = (
					"$(inherited)",
					"@executable_path/Frameworks",
				);
				MARKETING_VERSION = 1.0;
				PRODUCT_BUNDLE_IDENTIFIER = riskmate.Riskmate;
				PRODUCT_NAME = "$(TARGET_NAME)";
				STRING_CATALOG_GENERATE_SYMBOLS = YES;
				SWIFT_APPROACHABLE_CONCURRENCY = YES;
				SWIFT_DEFAULT_ACTOR_ISOLATION = MainActor;
				SWIFT_EMIT_LOC_STRINGS = YES;
				SWIFT_UPCOMING_FEATURE_MEMBER_IMPORT_VISIBILITY = YES;
				SWIFT_VERSION = 5.0;
				TARGETED_DEVICE_FAMILY = "1,2";
			};
			name = Release;
		};
		211794CC2F18213C00FDF243 /* Debug */ = {
			isa = XCBuildConfiguration;
			buildSettings = {
				ALWAYS_SEARCH_USER_PATHS = NO;
				ASSETCATALOG_COMPILER_GENERATE_SWIFT_ASSET_SYMBOL_EXTENSIONS = YES;
				CLANG_ANALYZER_NONNULL = YES;
				CLANG_ANALYZER_NUMBER_OBJECT_CONVERSION = YES_AGGRESSIVE;
				CLANG_CXX_LANGUAGE_STANDARD = "gnu++20";
				CLANG_ENABLE_MODULES = YES;
				CLANG_ENABLE_OBJC_ARC = YES;
				CLANG_ENABLE_OBJC_WEAK = YES;
				CLANG_WARN_BLOCK_CAPTURE_AUTORELEASING = YES;
				CLANG_WARN_BOOL_CONVERSION = YES;
				CLANG_WARN_COMMA = YES;
				CLANG_WARN_CONSTANT_CONVERSION = YES;
				CLANG_WARN_DEPRECATED_OBJC_IMPLEMENTATIONS = YES;
				CLANG_WARN_DIRECT_OBJC_ISA_USAGE = YES_ERROR;
				CLANG_WARN_DOCUMENTATION_COMMENTS = YES;
				CLANG_WARN_EMPTY_BODY = YES;
				CLANG_WARN_ENUM_CONVERSION = YES;
				CLANG_WARN_INFINITE_RECURSION = YES;
				CLANG_WARN_INT_CONVERSION = YES;
				CLANG_WARN_NON_LITERAL_NULL_CONVERSION = YES;
				CLANG_WARN_OBJC_IMPLICIT_RETAIN_SELF = YES;
				CLANG_WARN_OBJC_LITERAL_CONVERSION = YES;
				CLANG_WARN_OBJC_ROOT_CLASS = YES_ERROR;
				CLANG_WARN_QUOTED_INCLUDE_IN_FRAMEWORK_HEADER = YES;
				CLANG_WARN_RANGE_LOOP_ANALYSIS = YES;
				CLANG_WARN_STRICT_PROTOTYPES = YES;
				CLANG_WARN_SUSPICIOUS_MOVE = YES;
				CLANG_WARN_UNGUARDED_AVAILABILITY = YES_AGGRESSIVE;
				CLANG_WARN_UNREACHABLE_CODE = YES;
				CLANG_WARN__DUPLICATE_METHOD_MATCH = YES;
				COPY_PHASE_STRIP = NO;
				DEBUG_INFORMATION_FORMAT = dwarf;
				DEVELOPMENT_TEAM = XR6D339C8V;
				ENABLE_STRICT_OBJC_MSGSEND = YES;
				ENABLE_TESTABILITY = YES;
				ENABLE_USER_SCRIPT_SANDBOXING = YES;
				GCC_C_LANGUAGE_STANDARD = gnu17;
				GCC_DYNAMIC_NO_PIC = NO;
				GCC_NO_COMMON_BLOCKS = YES;
				GCC_OPTIMIZATION_LEVEL = 0;
				GCC_PREPROCESSOR_DEFINITIONS = (
					"DEBUG=1",
					"$(inherited)",
				);
				GCC_WARN_64_TO_32_BIT_CONVERSION = YES;
				GCC_WARN_ABOUT_RETURN_TYPE = YES_ERROR;
				GCC_WARN_UNDECLARED_SELECTOR = YES;
				GCC_WARN_UNINITIALIZED_AUTOS = YES_AGGRESSIVE;
				GCC_WARN_UNUSED_FUNCTION = YES;
				GCC_WARN_UNUSED_VARIABLE = YES;
				IPHONEOS_DEPLOYMENT_TARGET = 26.2;
				LOCALIZATION_PREFERS_STRING_CATALOGS = YES;
				MTL_ENABLE_DEBUG_INFO = INCLUDE_SOURCE;
				MTL_FAST_MATH = YES;
				ONLY_ACTIVE_ARCH = YES;
				SDKROOT = iphoneos;
				SWIFT_ACTIVE_COMPILATION_CONDITIONS = "DEBUG $(inherited)";
				SWIFT_OPTIMIZATION_LEVEL = "-Onone";
			};
			name = Debug;
		};
		211794CD2F18213C00FDF243 /* Release */ = {
			isa = XCBuildConfiguration;
			buildSettings = {
				ALWAYS_SEARCH_USER_PATHS = NO;
				ASSETCATALOG_COMPILER_GENERATE_SWIFT_ASSET_SYMBOL_EXTENSIONS = YES;
				CLANG_ANALYZER_NONNULL = YES;
				CLANG_ANALYZER_NUMBER_OBJECT_CONVERSION = YES_AGGRESSIVE;
				CLANG_CXX_LANGUAGE_STANDARD = "gnu++20";
				CLANG_ENABLE_MODULES = YES;
				CLANG_ENABLE_OBJC_ARC = YES;
				CLANG_ENABLE_OBJC_WEAK = YES;
				CLANG_WARN_BLOCK_CAPTURE_AUTORELEASING = YES;
				CLANG_WARN_BOOL_CONVERSION = YES;
				CLANG_WARN_COMMA = YES;
				CLANG_WARN_CONSTANT_CONVERSION = YES;
				CLANG_WARN_DEPRECATED_OBJC_IMPLEMENTATIONS = YES;
				CLANG_WARN_DIRECT_OBJC_ISA_USAGE = YES_ERROR;
				CLANG_WARN_DOCUMENTATION_COMMENTS = YES;
				CLANG_WARN_EMPTY_BODY = YES;
				CLANG_WARN_ENUM_CONVERSION = YES;
				CLANG_WARN_INFINITE_RECURSION = YES;
				CLANG_WARN_INT_CONVERSION = YES;
				CLANG_WARN_NON_LITERAL_NULL_CONVERSION = YES;
				CLANG_WARN_OBJC_IMPLICIT_RETAIN_SELF = YES;
				CLANG_WARN_OBJC_LITERAL_CONVERSION = YES;
				CLANG_WARN_OBJC_ROOT_CLASS = YES_ERROR;
				CLANG_WARN_QUOTED_INCLUDE_IN_FRAMEWORK_HEADER = YES;
				CLANG_WARN_RANGE_LOOP_ANALYSIS = YES;
				CLANG_WARN_STRICT_PROTOTYPES = YES;
				CLANG_WARN_SUSPICIOUS_MOVE = YES;
				CLANG_WARN_UNGUARDED_AVAILABILITY = YES_AGGRESSIVE;
				CLANG_WARN_UNREACHABLE_CODE = YES;
				CLANG_WARN__DUPLICATE_METHOD_MATCH = YES;
				COPY_PHASE_STRIP = NO;
				DEBUG_INFORMATION_FORMAT = "dwarf-with-dsym";
				DEVELOPMENT_TEAM = XR6D339C8V;
				ENABLE_NS_ASSERTIONS = NO;
				ENABLE_STRICT_OBJC_MSGSEND = YES;
				ENABLE_USER_SCRIPT_SANDBOXING = YES;
				GCC_C_LANGUAGE_STANDARD = gnu17;
				GCC_NO_COMMON_BLOCKS = YES;
				GCC_WARN_64_TO_32_BIT_CONVERSION = YES;
				GCC_WARN_ABOUT_RETURN_TYPE = YES_ERROR;
				GCC_WARN_UNDECLARED_SELECTOR = YES;
				GCC_WARN_UNINITIALIZED_AUTOS = YES_AGGRESSIVE;
				GCC_WARN_UNUSED_FUNCTION = YES;
				GCC_WARN_UNUSED_VARIABLE = YES;
				IPHONEOS_DEPLOYMENT_TARGET = 26.2;
				LOCALIZATION_PREFERS_STRING_CATALOGS = YES;
				MTL_ENABLE_DEBUG_INFO = NO;
				MTL_FAST_MATH = YES;
				SDKROOT = iphoneos;
				SWIFT_COMPILATION_MODE = wholemodule;
				VALIDATE_PRODUCT = YES;
			};
			name = Release;
		};
		211794CF2F18213C00FDF243 /* Debug */ = {
			isa = XCBuildConfiguration;
			buildSettings = {
				BUNDLE_LOADER = "$(TEST_HOST)";
				CODE_SIGN_STYLE = Automatic;
				CURRENT_PROJECT_VERSION = 1;
				DEVELOPMENT_TEAM = XR6D339C8V;
				GENERATE_INFOPLIST_FILE = YES;
				IPHONEOS_DEPLOYMENT_TARGET = 26.2;
				MARKETING_VERSION = 1.0;
				PRODUCT_BUNDLE_IDENTIFIER = riskmate.RiskmateTests;
				PRODUCT_NAME = "$(TARGET_NAME)";
				STRING_CATALOG_GENERATE_SYMBOLS = NO;
				SWIFT_APPROACHABLE_CONCURRENCY = YES;
				SWIFT_EMIT_LOC_STRINGS = NO;
				SWIFT_UPCOMING_FEATURE_MEMBER_IMPORT_VISIBILITY = YES;
				SWIFT_VERSION = 5.0;
				TARGETED_DEVICE_FAMILY = "1,2";
				TEST_HOST = "$(BUILT_PRODUCTS_DIR)/Riskmate.app/$(BUNDLE_EXECUTABLE_FOLDER_PATH)/Riskmate";
			};
			name = Debug;
		};
		211794D02F18213C00FDF243 /* Release */ = {
			isa = XCBuildConfiguration;
			buildSettings = {
				BUNDLE_LOADER = "$(TEST_HOST)";
				CODE_SIGN_STYLE = Automatic;
				CURRENT_PROJECT_VERSION = 1;
				DEVELOPMENT_TEAM = XR6D339C8V;
				GENERATE_INFOPLIST_FILE = YES;
				IPHONEOS_DEPLOYMENT_TARGET = 26.2;
				MARKETING_VERSION = 1.0;
				PRODUCT_BUNDLE_IDENTIFIER = riskmate.RiskmateTests;
				PRODUCT_NAME = "$(TARGET_NAME)";
				STRING_CATALOG_GENERATE_SYMBOLS = NO;
				SWIFT_APPROACHABLE_CONCURRENCY = YES;
				SWIFT_EMIT_LOC_STRINGS = NO;
				SWIFT_UPCOMING_FEATURE_MEMBER_IMPORT_VISIBILITY = YES;
				SWIFT_VERSION = 5.0;
				TARGETED_DEVICE_FAMILY = "1,2";
				TEST_HOST = "$(BUILT_PRODUCTS_DIR)/Riskmate.app/$(BUNDLE_EXECUTABLE_FOLDER_PATH)/Riskmate";
			};
			name = Release;
		};
		211794D22F18213C00FDF243 /* Debug */ = {
			isa = XCBuildConfiguration;
			buildSettings = {
				CODE_SIGN_STYLE = Automatic;
				CURRENT_PROJECT_VERSION = 1;
				DEVELOPMENT_TEAM = XR6D339C8V;
				GENERATE_INFOPLIST_FILE = YES;
				MARKETING_VERSION = 1.0;
				PRODUCT_BUNDLE_IDENTIFIER = riskmate.RiskmateUITests;
				PRODUCT_NAME = "$(TARGET_NAME)";
				STRING_CATALOG_GENERATE_SYMBOLS = NO;
				SWIFT_APPROACHABLE_CONCURRENCY = YES;
				SWIFT_EMIT_LOC_STRINGS = NO;
				SWIFT_UPCOMING_FEATURE_MEMBER_IMPORT_VISIBILITY = YES;
				SWIFT_VERSION = 5.0;
				TARGETED_DEVICE_FAMILY = "1,2";
				TEST_TARGET_NAME = Riskmate;
			};
			name = Debug;
		};
		211794D32F18213C00FDF243 /* Release */ = {
			isa = XCBuildConfiguration;
			buildSettings = {
				CODE_SIGN_STYLE = Automatic;
				CURRENT_PROJECT_VERSION = 1;
				DEVELOPMENT_TEAM = XR6D339C8V;
				GENERATE_INFOPLIST_FILE = YES;
				MARKETING_VERSION = 1.0;
				PRODUCT_BUNDLE_IDENTIFIER = riskmate.RiskmateUITests;
				PRODUCT_NAME = "$(TARGET_NAME)";
				STRING_CATALOG_GENERATE_SYMBOLS = NO;
				SWIFT_APPROACHABLE_CONCURRENCY = YES;
				SWIFT_EMIT_LOC_STRINGS = NO;
				SWIFT_UPCOMING_FEATURE_MEMBER_IMPORT_VISIBILITY = YES;
				SWIFT_VERSION = 5.0;
				TARGETED_DEVICE_FAMILY = "1,2";
				TEST_TARGET_NAME = Riskmate;
			};
			name = Release;
		};
/* End XCBuildConfiguration section */

/* Begin XCConfigurationList section */
		211794A02F18213B00FDF243 /* Build configuration list for PBXProject "Riskmate" */ = {
			isa = XCConfigurationList;
			buildConfigurations = (
				211794CC2F18213C00FDF243 /* Debug */,
				211794CD2F18213C00FDF243 /* Release */,
			);
			defaultConfigurationIsVisible = 0;
			defaultConfigurationName = Release;
		};
		211794C92F18213C00FDF243 /* Build configuration list for PBXNativeTarget "Riskmate" */ = {
			isa = XCConfigurationList;
			buildConfigurations = (
				211794CA2F18213C00FDF243 /* Debug */,
				211794CB2F18213C00FDF243 /* Release */,
			);
			defaultConfigurationIsVisible = 0;
			defaultConfigurationName = Release;
		};
		211794CE2F18213C00FDF243 /* Build configuration list for PBXNativeTarget "RiskmateTests" */ = {
			isa = XCConfigurationList;
			buildConfigurations = (
				211794CF2F18213C00FDF243 /* Debug */,
				211794D02F18213C00FDF243 /* Release */,
			);
			defaultConfigurationIsVisible = 0;
			defaultConfigurationName = Release;
		};
		211794D12F18213C00FDF243 /* Build configuration list for PBXNativeTarget "RiskmateUITests" */ = {
			isa = XCConfigurationList;
			buildConfigurations = (
				211794D22F18213C00FDF243 /* Debug */,
				211794D32F18213C00FDF243 /* Release */,
			);
			defaultConfigurationIsVisible = 0;
			defaultConfigurationName = Release;
		};
/* End XCConfigurationList section */

/* Begin XCRemoteSwiftPackageReference section */
		211794F22F18293E00FDF243 /* XCRemoteSwiftPackageReference "supabase-swift" */ = {
			isa = XCRemoteSwiftPackageReference;
			repositoryURL = "https://github.com/supabase/supabase-swift";
			requirement = {
				kind = upToNextMajorVersion;
				minimumVersion = 2.5.1;
			};
		};
		211795442F18422700FDF243 /* XCRemoteSwiftPackageReference "SwiftLint" */ = {
			isa = XCRemoteSwiftPackageReference;
			repositoryURL = "https://github.com/realm/SwiftLint";
			requirement = {
				kind = upToNextMajorVersion;
				minimumVersion = 0.63.0;
			};
		};
		211795452F18F24500FDF243 /* XCRemoteSwiftPackageReference "lottie-ios" */ = {
			isa = XCRemoteSwiftPackageReference;
			repositoryURL = "https://github.com/airbnb/lottie-ios";
			requirement = {
				kind = upToNextMajorVersion;
				minimumVersion = 4.6.0;
			};
		};
		211795462F18F26D00FDF243 /* XCRemoteSwiftPackageReference "SwiftDate" */ = {
			isa = XCRemoteSwiftPackageReference;
			repositoryURL = "https://github.com/malcommac/SwiftDate";
			requirement = {
				kind = upToNextMajorVersion;
				minimumVersion = 7.0.0;
			};
		};
		211795472F18F32900FDF243 /* XCRemoteSwiftPackageReference "Kingfisher" */ = {
			isa = XCRemoteSwiftPackageReference;
			repositoryURL = "https://github.com/onevcat/Kingfisher";
			requirement = {
				kind = upToNextMajorVersion;
				minimumVersion = 8.6.2;
			};
		};
/* End XCRemoteSwiftPackageReference section */

/* Begin XCSwiftPackageProductDependency section */
		211794F42F182CC200FDF243 /* Supabase */ = {
			isa = XCSwiftPackageProductDependency;
			package = 211794F22F18293E00FDF243 /* XCRemoteSwiftPackageReference "supabase-swift" */;
			productName = Supabase;
		};
		211794F62F182CE000FDF243 /* Storage */ = {
			isa = XCSwiftPackageProductDependency;
			package = 211794F22F18293E00FDF243 /* XCRemoteSwiftPackageReference "supabase-swift" */;
			productName = Storage;
		};
		211794F82F182CE400FDF243 /* Realtime */ = {
			isa = XCSwiftPackageProductDependency;
			package = 211794F22F18293E00FDF243 /* XCRemoteSwiftPackageReference "supabase-swift" */;
			productName = Realtime;
		};
		211794FA2F182CE800FDF243 /* PostgREST */ = {
			isa = XCSwiftPackageProductDependency;
			package = 211794F22F18293E00FDF243 /* XCRemoteSwiftPackageReference "supabase-swift" */;
			productName = PostgREST;
		};
		211794FC2F182CED00FDF243 /* Functions */ = {
			isa = XCSwiftPackageProductDependency;
			package = 211794F22F18293E00FDF243 /* XCRemoteSwiftPackageReference "supabase-swift" */;
			productName = Functions;
		};
		211794FE2F182CF500FDF243 /* Auth */ = {
			isa = XCSwiftPackageProductDependency;
			package = 211794F22F18293E00FDF243 /* XCRemoteSwiftPackageReference "supabase-swift" */;
			productName = Auth;
		};
/* End XCSwiftPackageProductDependency section */
	};
	rootObject = 2117949D2F18213B00FDF243 /* Project object */;
}
