<?xml version="1.0" encoding="UTF-8"?>
<Scheme
   LastUpgradeVersion = "2620"
   version = "1.7">
   <BuildAction
      parallelizeBuildables = "YES"
      buildImplicitDependencies = "YES"
      buildArchitectures = "Automatic">
      <BuildActionEntries>
         <BuildActionEntry
            buildForTesting = "YES"
            buildForRunning = "YES"
            buildForProfiling = "YES"
            buildForArchiving = "YES"
            buildForAnalyzing = "YES">
            <BuildableReference
               BuildableIdentifier = "primary"
               BlueprintIdentifier = "211794A42F18213B00FDF243"
               BuildableName = "Riskmate.app"
               BlueprintName = "Riskmate"
               ReferencedContainer = "container:Riskmate.xcodeproj">
            </BuildableReference>
         </BuildActionEntry>
      </BuildActionEntries>
   </BuildAction>
   <TestAction
      buildConfiguration = "Debug"
      selectedDebuggerIdentifier = "Xcode.DebuggerFoundation.Debugger.LLDB"
      selectedLauncherIdentifier = "Xcode.DebuggerFoundation.Launcher.LLDB"
      shouldUseLaunchSchemeArgsEnv = "YES"
      shouldAutocreateTestPlan = "YES">
      <Testables>
         <TestableReference
            skipped = "NO"
            parallelizable = "YES">
            <BuildableReference
               BuildableIdentifier = "primary"
               BlueprintIdentifier = "211794B52F18213C00FDF243"
               BuildableName = "RiskmateTests.xctest"
               BlueprintName = "RiskmateTests"
               ReferencedContainer = "container:Riskmate.xcodeproj">
            </BuildableReference>
         </TestableReference>
         <TestableReference
            skipped = "NO"
            parallelizable = "YES">
            <BuildableReference
               BuildableIdentifier = "primary"
               BlueprintIdentifier = "211794BF2F18213C00FDF243"
               BuildableName = "RiskmateUITests.xctest"
               BlueprintName = "RiskmateUITests"
               ReferencedContainer = "container:Riskmate.xcodeproj">
            </BuildableReference>
         </TestableReference>
      </Testables>
   </TestAction>
   <LaunchAction
      buildConfiguration = "Debug"
      selectedDebuggerIdentifier = "Xcode.DebuggerFoundation.Debugger.LLDB"
      selectedLauncherIdentifier = "Xcode.DebuggerFoundation.Launcher.LLDB"
      launchStyle = "0"
      useCustomWorkingDirectory = "NO"
      ignoresPersistentStateOnLaunch = "NO"
      debugDocumentVersioning = "YES"
      debugServiceExtension = "internal"
      allowLocationSimulation = "YES">
      <BuildableProductRunnable
         runnableDebuggingMode = "0">
         <BuildableReference
            BuildableIdentifier = "primary"
            BlueprintIdentifier = "211794A42F18213B00FDF243"
            BuildableName = "Riskmate.app"
            BlueprintName = "Riskmate"
            ReferencedContainer = "container:Riskmate.xcodeproj">
         </BuildableReference>
      </BuildableProductRunnable>
      <EnvironmentVariables>
         <EnvironmentVariable
            key = "ALLOWED_ORIGINS"
            value = "https://riskmate.dev,https://www.riskmate.dev"
            isEnabled = "YES">
         </EnvironmentVariable>
         <EnvironmentVariable
            key = "BACKEND_URL"
            value = "https://api.riskmate.dev"
            isEnabled = "YES">
         </EnvironmentVariable>
         <EnvironmentVariable
            key = "RESEND_API_KEY"
            value = "re_FfQjgjy2_D2UiiW3Rf6P7nWzLwzV5HsD5"
            isEnabled = "YES">
         </EnvironmentVariable>
         <EnvironmentVariable
            key = "RESEND_FROM_EMAIL"
            value = "contact@riskmate.dev"
            isEnabled = "YES">
         </EnvironmentVariable>
         <EnvironmentVariable
            key = "SUPABASE_ANON_KEY"
            value = "eyJhbGciOiJIUzI1NiIsInR5cCI6IkpXVCJ9.eyJpc3MiOiJzdXBhYmFzZSIsInJlZiI6Inh3eGdoZHV3a3ptempyYnB6d3dxIiwicm9sZSI6ImFub24iLCJpYXQiOjE3NjIzOTE1NjIsImV4cCI6MjA3Nzk2NzU2Mn0.-vLpuaDWxd0-XQMN1YymKl6aOXSxz_OFwS3JDDhm3fA"
            isEnabled = "YES">
         </EnvironmentVariable>
         <EnvironmentVariable
            key = "SUPABASE_SERVICE_ROLE_KEY"
            value = "eyJhbGciOiJIUzI1NiIsInR5cCI6IkpXVCJ9.eyJpc3MiOiJzdXBhYmFzZSIsInJlZiI6Inh3eGdoZHV3a3ptempyYnB6d3dxIiwicm9sZSI6InNlcnZpY2Vfcm9sZSIsImlhdCI6MTc2MjM5MTU2MiwiZXhwIjoyMDc3OTY3NTYyfQ.x3uJCtMUdK7BlyVk57DYANoShMXUIYlPmkf5S3yHER8"
            isEnabled = "YES">
         </EnvironmentVariable>
         <EnvironmentVariable
            key = "SUPABASE_URL"
            value = "https://xwxghduwkzmzjrbpzwwq.supabase.co"
            isEnabled = "YES">
         </EnvironmentVariable>
      </EnvironmentVariables>
   </LaunchAction>
   <ProfileAction
      buildConfiguration = "Release"
      shouldUseLaunchSchemeArgsEnv = "YES"
      savedToolIdentifier = ""
      useCustomWorkingDirectory = "NO"
      debugDocumentVersioning = "YES">
      <BuildableProductRunnable
         runnableDebuggingMode = "0">
         <BuildableReference
            BuildableIdentifier = "primary"
            BlueprintIdentifier = "211794A42F18213B00FDF243"
            BuildableName = "Riskmate.app"
            BlueprintName = "Riskmate"
            ReferencedContainer = "container:Riskmate.xcodeproj">
         </BuildableReference>
      </BuildableProductRunnable>
   </ProfileAction>
   <AnalyzeAction
      buildConfiguration = "Debug">
   </AnalyzeAction>
   <ArchiveAction
      buildConfiguration = "Release"
      revealArchiveInOrganizer = "YES"
      allowsArchivingForSimulator = "YES">
   </ArchiveAction>
</Scheme>
